{
  "name": "react-native-camera-roll-picker",
  "version": "1.2.3",
  "lockfileVersion": 1,
  "requires": true,
  "dependencies": {
    "react-native-gallery-manager": {
      "version": "git+https://git@github.com/gronda-team/react-native-gallery-manager.git#d09fcf2cf63fbbcbac76f9b287d5652200ff203a",
      "from": "git+https://git@github.com/gronda-team/react-native-gallery-manager.git#master"
    }
  }
}
